PODS:
  - CocoaAsyncSocket (0.0.1)
  - CocoaHTTPServer (2.3):
    - CocoaAsyncSocket (~> 0.0.1)
    - CocoaLumberjack
  - CocoaLumberjack (1.6.2)
  - Google-Diff-Match-Patch (0.0.1)
  - gtm-oauth2/Core (0.0.1):
    - gtm-oauth2/Core/Mac
    - gtm-oauth2/Core/Touch
    - GTMHTTPFetcher
    - SBJson
  - gtm-oauth2/Core/Mac (0.0.1):
    - GTMHTTPFetcher
    - SBJson
  - gtm-oauth2/Core/Touch (0.0.1):
    - GTMHTTPFetcher
    - SBJson
  - GTMHTTPFetcher (0.0.1):
    - SBJson
  - jre_emul (0.6.1)
  - SBJson (3.2)

DEPENDENCIES:
  - CocoaHTTPServer (~> 2.3)
  - Google-Diff-Match-Patch (~> 0.0.1)
  - gtm-oauth2/Core (~> 0.0.1)
  - gtm-oauth2/Core/Touch (~> 0.0.1)
  - jre_emul (from `https://github.com/goodow/j2objc.git`, tag `v0.6.1`)
  - jre_emul (~> 0.6.1)
  - SBJson (~> 3.2)

EXTERNAL SOURCES:
  jre_emul:
    :git: https://github.com/goodow/j2objc.git
    :tag: v0.6.1

SPEC CHECKSUMS:
  CocoaAsyncSocket: 73c96a4225998adad0c94142010f65e5d12077de
  CocoaHTTPServer: fae57be1739ba20b8b3e106d088e3dd55b12beb5
  CocoaLumberjack: d73e1e317ced14ab930797dda6c17156ff17aaa1
  Google-Diff-Match-Patch: a4f62e11af850bea98689c8f24e382e47c46bf59
  gtm-oauth2: c4824003b569bc9b96446661fb92dbc681335499
  GTMHTTPFetcher: 563425df0ff2127edba46985df62ef60acd441e5
  jre_emul: 2aee63ba3f73f905d9d1792b15448aab7beb657a
  SBJson: 4971016670e7b3fa04a36d4e72ab0fb1ad3a9f69

COCOAPODS: 0.18.1
